
Microsoft Visual Studio Solution File, Format Version 12.00
# Visual Studio Version 16
VisualStudioVersion = 16.0.31424.327
MinimumVisualStudioVersion = 10.0.40219.1
Project("{9A19103F-16F7-4668-BE54-9A1E7A4F7556}") = "CarMarket.BusinessLogic", "CarMarket.BusinessLogic\CarMarket.BusinessLogic.csproj", "{852192FA-A629-4628-88FD-CFE23CB9681A}"
EndProject
Project("{9A19103F-16F7-4668-BE54-9A1E7A4F7556}") = "CarMarket.Data", "CarMarket.Data\CarMarket.Data.csproj", "{3DF5493F-F15F-43A3-BF06-6D0DF3FD75A8}"
EndProject
Project("{9A19103F-16F7-4668-BE54-9A1E7A4F7556}") = "CarMarket.Core", "CarMarket.Core\CarMarket.Core.csproj", "{184B98B4-903F-4934-ABF7-24D4F79F2E75}"
EndProject
Project("{9A19103F-16F7-4668-BE54-9A1E7A4F7556}") = "CarMarket.UI", "CarMarket.UI\CarMarket.UI.csproj", "{8C76809A-B673-46A4-A1BB-EAF1F986A3B8}"
EndProject
Project("{9A19103F-16F7-4668-BE54-9A1E7A4F7556}") = "CarMarket.Server", "Server\CarMarket.Server.csproj", "{6325D38C-594B-4C08-8E25-6A163EEE979C}"
EndProject
Project("{FAE04EC0-301F-11D3-BF4B-00C04F79EFBC}") = "CarMarket.BusinessLogic.Tests", "CarMarket.BusinessLogic.Tests\CarMarket.BusinessLogic.Tests.csproj", "{0231B760-09E6-4DC5-BA2E-5279545B8897}"
	ProjectSection(ProjectDependencies) = postProject
		{3DF5493F-F15F-43A3-BF06-6D0DF3FD75A8} = {3DF5493F-F15F-43A3-BF06-6D0DF3FD75A8}
	EndProjectSection
EndProject
Global
	GlobalSection(SolutionConfigurationPlatforms) = preSolution
		Debug|Any CPU = Debug|Any CPU
		Release|Any CPU = Release|Any CPU
	EndGlobalSection
	GlobalSection(ProjectConfigurationPlatforms) = postSolution
		{852192FA-A629-4628-88FD-CFE23CB9681A}.Debug|Any CPU.ActiveCfg = Debug|Any CPU
		{852192FA-A629-4628-88FD-CFE23CB9681A}.Debug|Any CPU.Build.0 = Debug|Any CPU
		{852192FA-A629-4628-88FD-CFE23CB9681A}.Release|Any CPU.ActiveCfg = Release|Any CPU
		{852192FA-A629-4628-88FD-CFE23CB9681A}.Release|Any CPU.Build.0 = Release|Any CPU
		{3DF5493F-F15F-43A3-BF06-6D0DF3FD75A8}.Debug|Any CPU.ActiveCfg = Debug|Any CPU
		{3DF5493F-F15F-43A3-BF06-6D0DF3FD75A8}.Debug|Any CPU.Build.0 = Debug|Any CPU
		{3DF5493F-F15F-43A3-BF06-6D0DF3FD75A8}.Release|Any CPU.ActiveCfg = Release|Any CPU
		{3DF5493F-F15F-43A3-BF06-6D0DF3FD75A8}.Release|Any CPU.Build.0 = Release|Any CPU
		{184B98B4-903F-4934-ABF7-24D4F79F2E75}.Debug|Any CPU.ActiveCfg = Debug|Any CPU
		{184B98B4-903F-4934-ABF7-24D4F79F2E75}.Debug|Any CPU.Build.0 = Debug|Any CPU
		{184B98B4-903F-4934-ABF7-24D4F79F2E75}.Release|Any CPU.ActiveCfg = Release|Any CPU
		{184B98B4-903F-4934-ABF7-24D4F79F2E75}.Release|Any CPU.Build.0 = Release|Any CPU
		{8C76809A-B673-46A4-A1BB-EAF1F986A3B8}.Debug|Any CPU.ActiveCfg = Debug|Any CPU
		{8C76809A-B673-46A4-A1BB-EAF1F986A3B8}.Debug|Any CPU.Build.0 = Debug|Any CPU
		{8C76809A-B673-46A4-A1BB-EAF1F986A3B8}.Release|Any CPU.ActiveCfg = Release|Any CPU
		{8C76809A-B673-46A4-A1BB-EAF1F986A3B8}.Release|Any CPU.Build.0 = Release|Any CPU
		{6325D38C-594B-4C08-8E25-6A163EEE979C}.Debug|Any CPU.ActiveCfg = Debug|Any CPU
		{6325D38C-594B-4C08-8E25-6A163EEE979C}.Debug|Any CPU.Build.0 = Debug|Any CPU
		{6325D38C-594B-4C08-8E25-6A163EEE979C}.Release|Any CPU.ActiveCfg = Release|Any CPU
		{6325D38C-594B-4C08-8E25-6A163EEE979C}.Release|Any CPU.Build.0 = Release|Any CPU
		{0231B760-09E6-4DC5-BA2E-5279545B8897}.Debug|Any CPU.ActiveCfg = Debug|Any CPU
		{0231B760-09E6-4DC5-BA2E-5279545B8897}.Debug|Any CPU.Build.0 = Debug|Any CPU
		{0231B760-09E6-4DC5-BA2E-5279545B8897}.Release|Any CPU.ActiveCfg = Release|Any CPU
		{0231B760-09E6-4DC5-BA2E-5279545B8897}.Release|Any CPU.Build.0 = Release|Any CPU
	EndGlobalSection
	GlobalSection(SolutionProperties) = preSolution
		HideSolutionNode = FALSE
	EndGlobalSection
	GlobalSection(ExtensibilityGlobals) = postSolution
		SolutionGuid = {CD4F1632-BD73-4374-98CE-BF0DD64B977D}
	EndGlobalSection
EndGlobal
