
Microsoft Visual Studio Solution File, Format Version 12.00
# Visual Studio Version 17
VisualStudioVersion = 17.0.31903.59
MinimumVisualStudioVersion = 10.0.40219.1
Project("{FAE04EC0-301F-11D3-BF4B-00C04F79EFBC}") = "MongoDBTestApp", "MongoDBTestApp\MongoDBTestApp.csproj", "{EB140BF3-52ED-47C3-AB08-16235D1C72B4}"
EndProject
Project("{E53339B2-1760-4266-BCC7-CA923CBCF16C}") = "docker-compose", "docker-compose.dcproj", "{2638B307-335E-4E58-8082-F6BCB6E38516}"
EndProject
Global
	GlobalSection(SolutionConfigurationPlatforms) = preSolution
		Debug|Any CPU = Debug|Any CPU
		Release|Any CPU = Release|Any CPU
	EndGlobalSection
	GlobalSection(ProjectConfigurationPlatforms) = postSolution
		{EB140BF3-52ED-47C3-AB08-16235D1C72B4}.Debug|Any CPU.ActiveCfg = Debug|Any CPU
		{EB140BF3-52ED-47C3-AB08-16235D1C72B4}.Debug|Any CPU.Build.0 = Debug|Any CPU
		{EB140BF3-52ED-47C3-AB08-16235D1C72B4}.Release|Any CPU.ActiveCfg = Release|Any CPU
		{EB140BF3-52ED-47C3-AB08-16235D1C72B4}.Release|Any CPU.Build.0 = Release|Any CPU
		{2638B307-335E-4E58-8082-F6BCB6E38516}.Debug|Any CPU.ActiveCfg = Debug|Any CPU
		{2638B307-335E-4E58-8082-F6BCB6E38516}.Debug|Any CPU.Build.0 = Debug|Any CPU
		{2638B307-335E-4E58-8082-F6BCB6E38516}.Release|Any CPU.ActiveCfg = Release|Any CPU
		{2638B307-335E-4E58-8082-F6BCB6E38516}.Release|Any CPU.Build.0 = Release|Any CPU
	EndGlobalSection
	GlobalSection(SolutionProperties) = preSolution
		HideSolutionNode = FALSE
	EndGlobalSection
	GlobalSection(ExtensibilityGlobals) = postSolution
		SolutionGuid = {4C4ADAB5-1840-4ADF-ACED-CD9B41738AF9}
	EndGlobalSection
EndGlobal
